// !$*UTF8*$!
{
	archiveVersion = 1;
	classes = {
	};
	objectVersion = 48;
	objects = {

/* Begin PBXBuildFile section */
		1F83492B4B55BDCB2B97CE3F /* libPods-LSSampleInOC.a in Frameworks */ = {isa = PBXBuildFile; fileRef = 38D6525A2969977C24DF82A1 /* libPods-LSSampleInOC.a */; };
		CB34B26A1FC2DA50004B0673 /* NSString+FileManager.m in Sources */ = {isa = PBXBuildFile; fileRef = CB34B2691FC2DA50004B0673 /* NSString+FileManager.m */; };
		CB4780341FC3F5FC00EEED86 /* FileManagerVC.m in Sources */ = {isa = PBXBuildFile; fileRef = CB4780331FC3F5FC00EEED86 /* FileManagerVC.m */; };
		CB5F29981FBD6DA400964647 /* AppDelegate.m in Sources */ = {isa = PBXBuildFile; fileRef = CB5F29971FBD6DA400964647 /* AppDelegate.m */; };
		CB5F299E1FBD6DA400964647 /* Main.storyboard in Resources */ = {isa = PBXBuildFile; fileRef = CB5F299C1FBD6DA400964647 /* Main.storyboard */; };
		CB5F29A11FBD6DA400964647 /* LSSampleInOC.xcdatamodeld in Sources */ = {isa = PBXBuildFile; fileRef = CB5F299F1FBD6DA400964647 /* LSSampleInOC.xcdatamodeld */; };
		CB5F29A31FBD6DA400964647 /* Assets.xcassets in Resources */ = {isa = PBXBuildFile; fileRef = CB5F29A21FBD6DA400964647 /* Assets.xcassets */; };
		CB5F29A61FBD6DA400964647 /* LaunchScreen.storyboard in Resources */ = {isa = PBXBuildFile; fileRef = CB5F29A41FBD6DA400964647 /* LaunchScreen.storyboard */; };
		CB5F29A91FBD6DA400964647 /* main.m in Sources */ = {isa = PBXBuildFile; fileRef = CB5F29A81FBD6DA400964647 /* main.m */; };
		CB5F29CE1FBD6E6300964647 /* TableViewController.m in Sources */ = {isa = PBXBuildFile; fileRef = CB5F29CD1FBD6E6300964647 /* TableViewController.m */; };
		CB5F29DE1FBD729500964647 /* BaseViewController.m in Sources */ = {isa = PBXBuildFile; fileRef = CB5F29DD1FBD729500964647 /* BaseViewController.m */; };
		CB5F29E11FBD72AD00964647 /* BaseModel.m in Sources */ = {isa = PBXBuildFile; fileRef = CB5F29E01FBD72AD00964647 /* BaseModel.m */; };
		CB5F29F01FBD76FD00964647 /* BaseNavigationController.m in Sources */ = {isa = PBXBuildFile; fileRef = CB5F29EF1FBD76FD00964647 /* BaseNavigationController.m */; };
		CB5F29F31FBD771B00964647 /* BaseTabBarController.m in Sources */ = {isa = PBXBuildFile; fileRef = CB5F29F21FBD771B00964647 /* BaseTabBarController.m */; };
		CB5F29F61FBD784A00964647 /* Package+SVProgressHUD.m in Sources */ = {isa = PBXBuildFile; fileRef = CB5F29F51FBD784A00964647 /* Package+SVProgressHUD.m */; };
		CB5F29FB1FBD7D5900964647 /* AssetsLibrary.framework in Frameworks */ = {isa = PBXBuildFile; fileRef = CB5F29FA1FBD7D4500964647 /* AssetsLibrary.framework */; };
		CB5F29FD1FBD7D6500964647 /* AVFoundation.framework in Frameworks */ = {isa = PBXBuildFile; fileRef = CB5F29FC1FBD7D5D00964647 /* AVFoundation.framework */; };
		CB5F2A051FBD7FD700964647 /* LSSampleInOCTests.m in Sources */ = {isa = PBXBuildFile; fileRef = CB5F2A041FBD7FD700964647 /* LSSampleInOCTests.m */; };
		CB5F2A131FBD7FE800964647 /* LSSampleInOCUITests.m in Sources */ = {isa = PBXBuildFile; fileRef = CB5F2A121FBD7FE800964647 /* LSSampleInOCUITests.m */; };
		CB5F2A1C1FBD80A500964647 /* NSString+StringControl.m in Sources */ = {isa = PBXBuildFile; fileRef = CB5F2A1A1FBD80A500964647 /* NSString+StringControl.m */; };
/* End PBXBuildFile section */

/* Begin PBXContainerItemProxy section */
		CB5F2A071FBD7FD700964647 /* PBXContainerItemProxy */ = {
			isa = PBXContainerItemProxy;
			containerPortal = CB5F298B1FBD6DA400964647 /* Project object */;
			proxyType = 1;
			remoteGlobalIDString = CB5F29921FBD6DA400964647;
			remoteInfo = LSSampleInOC;
		};
		CB5F2A151FBD7FE800964647 /* PBXContainerItemProxy */ = {
			isa = PBXContainerItemProxy;
			containerPortal = CB5F298B1FBD6DA400964647 /* Project object */;
			proxyType = 1;
			remoteGlobalIDString = CB5F29921FBD6DA400964647;
			remoteInfo = LSSampleInOC;
		};
/* End PBXContainerItemProxy section */

/* Begin PBXFileReference section */
		211BE4A87D2CCB9BB0192166 /* Pods-LSSampleInOCTests.debug.xcconfig */ = {isa = PBXFileReference; includeInIndex = 1; lastKnownFileType = text.xcconfig; name = "Pods-LSSampleInOCTests.debug.xcconfig"; path = "Pods/Target Support Files/Pods-LSSampleInOCTests/Pods-LSSampleInOCTests.debug.xcconfig"; sourceTree = "<group>"; };
		23940F10C4913A6626320D97 /* Pods-LSSampleInOCTests.release.xcconfig */ = {isa = PBXFileReference; includeInIndex = 1; lastKnownFileType = text.xcconfig; name = "Pods-LSSampleInOCTests.release.xcconfig"; path = "Pods/Target Support Files/Pods-LSSampleInOCTests/Pods-LSSampleInOCTests.release.xcconfig"; sourceTree = "<group>"; };
		252A0A41A042ED65BAA6FAC6 /* Pods-LSSampleInOCUITests.debug.xcconfig */ = {isa = PBXFileReference; includeInIndex = 1; lastKnownFileType = text.xcconfig; name = "Pods-LSSampleInOCUITests.debug.xcconfig"; path = "Pods/Target Support Files/Pods-LSSampleInOCUITests/Pods-LSSampleInOCUITests.debug.xcconfig"; sourceTree = "<group>"; };
		38D6525A2969977C24DF82A1 /* libPods-LSSampleInOC.a */ = {isa = PBXFileReference; explicitFileType = archive.ar; includeInIndex = 0; path = "libPods-LSSampleInOC.a"; sourceTree = BUILT_PRODUCTS_DIR; };
		442D03D42758A43A2A8B6E09 /* Pods-LSSampleInOC.release.xcconfig */ = {isa = PBXFileReference; includeInIndex = 1; lastKnownFileType = text.xcconfig; name = "Pods-LSSampleInOC.release.xcconfig"; path = "Pods/Target Support Files/Pods-LSSampleInOC/Pods-LSSampleInOC.release.xcconfig"; sourceTree = "<group>"; };
		61B353ABC1176C7DCB6CDBD8 /* Pods-LSSampleInOCUITests.release.xcconfig */ = {isa = PBXFileReference; includeInIndex = 1; lastKnownFileType = text.xcconfig; name = "Pods-LSSampleInOCUITests.release.xcconfig"; path = "Pods/Target Support Files/Pods-LSSampleInOCUITests/Pods-LSSampleInOCUITests.release.xcconfig"; sourceTree = "<group>"; };
		6342EA907E21418DBA54406C /* Pods-LSSampleInOC.debug.xcconfig */ = {isa = PBXFileReference; includeInIndex = 1; lastKnownFileType = text.xcconfig; name = "Pods-LSSampleInOC.debug.xcconfig"; path = "Pods/Target Support Files/Pods-LSSampleInOC/Pods-LSSampleInOC.debug.xcconfig"; sourceTree = "<group>"; };
		B71094CFC4D3F9EA1F441174 /* libPods-LSSampleInOCUITests.a */ = {isa = PBXFileReference; explicitFileType = archive.ar; includeInIndex = 0; path = "libPods-LSSampleInOCUITests.a"; sourceTree = BUILT_PRODUCTS_DIR; };
		C82EF6B0DC4DA8B0C7517B82 /* libPods-LSSampleInOCTests.a */ = {isa = PBXFileReference; explicitFileType = archive.ar; includeInIndex = 0; path = "libPods-LSSampleInOCTests.a"; sourceTree = BUILT_PRODUCTS_DIR; };
		CB34B2681FC2DA50004B0673 /* NSString+FileManager.h */ = {isa = PBXFileReference; lastKnownFileType = sourcecode.c.h; path = "NSString+FileManager.h"; sourceTree = "<group>"; };
		CB34B2691FC2DA50004B0673 /* NSString+FileManager.m */ = {isa = PBXFileReference; lastKnownFileType = sourcecode.c.objc; path = "NSString+FileManager.m"; sourceTree = "<group>"; };
		CB4780321FC3F5FB00EEED86 /* FileManagerVC.h */ = {isa = PBXFileReference; lastKnownFileType = sourcecode.c.h; path = FileManagerVC.h; sourceTree = "<group>"; };
		CB4780331FC3F5FC00EEED86 /* FileManagerVC.m */ = {isa = PBXFileReference; lastKnownFileType = sourcecode.c.objc; path = FileManagerVC.m; sourceTree = "<group>"; };
		CB5F29931FBD6DA400964647 /* LSSampleInOC.app */ = {isa = PBXFileReference; explicitFileType = wrapper.application; includeInIndex = 0; path = LSSampleInOC.app; sourceTree = BUILT_PRODUCTS_DIR; };
		CB5F29961FBD6DA400964647 /* AppDelegate.h */ = {isa = PBXFileReference; lastKnownFileType = sourcecode.c.h; path = AppDelegate.h; sourceTree = "<group>"; };
		CB5F29971FBD6DA400964647 /* AppDelegate.m */ = {isa = PBXFileReference; lastKnownFileType = sourcecode.c.objc; path = AppDelegate.m; sourceTree = "<group>"; };
		CB5F299D1FBD6DA400964647 /* Base */ = {isa = PBXFileReference; lastKnownFileType = file.storyboard; name = Base; path = Base.lproj/Main.storyboard; sourceTree = "<group>"; };
		CB5F29A01FBD6DA400964647 /* LSSampleInOC.xcdatamodel */ = {isa = PBXFileReference; lastKnownFileType = wrapper.xcdatamodel; path = LSSampleInOC.xcdatamodel; sourceTree = "<group>"; };
		CB5F29A21FBD6DA400964647 /* Assets.xcassets */ = {isa = PBXFileReference; lastKnownFileType = folder.assetcatalog; path = Assets.xcassets; sourceTree = "<group>"; };
		CB5F29A51FBD6DA400964647 /* Base */ = {isa = PBXFileReference; lastKnownFileType = file.storyboard; name = Base; path = Base.lproj/LaunchScreen.storyboard; sourceTree = "<group>"; };
		CB5F29A71FBD6DA400964647 /* Info.plist */ = {isa = PBXFileReference; lastKnownFileType = text.plist.xml; path = Info.plist; sourceTree = "<group>"; };
		CB5F29A81FBD6DA400964647 /* main.m */ = {isa = PBXFileReference; lastKnownFileType = sourcecode.c.objc; path = main.m; sourceTree = "<group>"; };
		CB5F29CC1FBD6E6300964647 /* TableViewController.h */ = {isa = PBXFileReference; lastKnownFileType = sourcecode.c.h; path = TableViewController.h; sourceTree = "<group>"; };
		CB5F29CD1FBD6E6300964647 /* TableViewController.m */ = {isa = PBXFileReference; lastKnownFileType = sourcecode.c.objc; path = TableViewController.m; sourceTree = "<group>"; };
		CB5F29D81FBD721A00964647 /* AppMacro.h */ = {isa = PBXFileReference; lastKnownFileType = sourcecode.c.h; path = AppMacro.h; sourceTree = "<group>"; };
		CB5F29D91FBD722A00964647 /* NotificationMacro.h */ = {isa = PBXFileReference; lastKnownFileType = sourcecode.c.h; path = NotificationMacro.h; sourceTree = "<group>"; };
		CB5F29DA1FBD723F00964647 /* VendorMacro.h */ = {isa = PBXFileReference; lastKnownFileType = sourcecode.c.h; path = VendorMacro.h; sourceTree = "<group>"; };
		CB5F29DB1FBD727B00964647 /* UtilsMacro.h */ = {isa = PBXFileReference; lastKnownFileType = sourcecode.c.h; path = UtilsMacro.h; sourceTree = "<group>"; };
		CB5F29DC1FBD729500964647 /* BaseViewController.h */ = {isa = PBXFileReference; lastKnownFileType = sourcecode.c.h; path = BaseViewController.h; sourceTree = "<group>"; };
		CB5F29DD1FBD729500964647 /* BaseViewController.m */ = {isa = PBXFileReference; lastKnownFileType = sourcecode.c.objc; path = BaseViewController.m; sourceTree = "<group>"; };
		CB5F29DF1FBD72AD00964647 /* BaseModel.h */ = {isa = PBXFileReference; lastKnownFileType = sourcecode.c.h; path = BaseModel.h; sourceTree = "<group>"; };
		CB5F29E01FBD72AD00964647 /* BaseModel.m */ = {isa = PBXFileReference; lastKnownFileType = sourcecode.c.objc; path = BaseModel.m; sourceTree = "<group>"; };
		CB5F29EE1FBD76FD00964647 /* BaseNavigationController.h */ = {isa = PBXFileReference; lastKnownFileType = sourcecode.c.h; path = BaseNavigationController.h; sourceTree = "<group>"; };
		CB5F29EF1FBD76FD00964647 /* BaseNavigationController.m */ = {isa = PBXFileReference; lastKnownFileType = sourcecode.c.objc; path = BaseNavigationController.m; sourceTree = "<group>"; };
		CB5F29F11FBD771B00964647 /* BaseTabBarController.h */ = {isa = PBXFileReference; lastKnownFileType = sourcecode.c.h; path = BaseTabBarController.h; sourceTree = "<group>"; };
		CB5F29F21FBD771B00964647 /* BaseTabBarController.m */ = {isa = PBXFileReference; lastKnownFileType = sourcecode.c.objc; path = BaseTabBarController.m; sourceTree = "<group>"; };
		CB5F29F41FBD784A00964647 /* Package+SVProgressHUD.h */ = {isa = PBXFileReference; lastKnownFileType = sourcecode.c.h; path = "Package+SVProgressHUD.h"; sourceTree = "<group>"; };
		CB5F29F51FBD784A00964647 /* Package+SVProgressHUD.m */ = {isa = PBXFileReference; lastKnownFileType = sourcecode.c.objc; path = "Package+SVProgressHUD.m"; sourceTree = "<group>"; };
		CB5F29FA1FBD7D4500964647 /* AssetsLibrary.framework */ = {isa = PBXFileReference; lastKnownFileType = wrapper.framework; name = AssetsLibrary.framework; path = System/Library/Frameworks/AssetsLibrary.framework; sourceTree = SDKROOT; };
		CB5F29FC1FBD7D5D00964647 /* AVFoundation.framework */ = {isa = PBXFileReference; lastKnownFileType = wrapper.framework; name = AVFoundation.framework; path = System/Library/Frameworks/AVFoundation.framework; sourceTree = SDKROOT; };
		CB5F2A021FBD7FD700964647 /* LSSampleInOCTests.xctest */ = {isa = PBXFileReference; explicitFileType = wrapper.cfbundle; includeInIndex = 0; path = LSSampleInOCTests.xctest; sourceTree = BUILT_PRODUCTS_DIR; };
		CB5F2A041FBD7FD700964647 /* LSSampleInOCTests.m */ = {isa = PBXFileReference; lastKnownFileType = sourcecode.c.objc; path = LSSampleInOCTests.m; sourceTree = "<group>"; };
		CB5F2A061FBD7FD700964647 /* Info.plist */ = {isa = PBXFileReference; lastKnownFileType = text.plist.xml; path = Info.plist; sourceTree = "<group>"; };
		CB5F2A101FBD7FE800964647 /* LSSampleInOCUITests.xctest */ = {isa = PBXFileReference; explicitFileType = wrapper.cfbundle; includeInIndex = 0; path = LSSampleInOCUITests.xctest; sourceTree = BUILT_PRODUCTS_DIR; };
		CB5F2A121FBD7FE800964647 /* LSSampleInOCUITests.m */ = {isa = PBXFileReference; lastKnownFileType = sourcecode.c.objc; path = LSSampleInOCUITests.m; sourceTree = "<group>"; };
		CB5F2A141FBD7FE800964647 /* Info.plist */ = {isa = PBXFileReference; lastKnownFileType = text.plist.xml; path = Info.plist; sourceTree = "<group>"; };
		CB5F2A1A1FBD80A500964647 /* NSString+StringControl.m */ = {isa = PBXFileReference; fileEncoding = 4; lastKnownFileType = sourcecode.c.objc; path = "NSString+StringControl.m"; sourceTree = "<group>"; };
		CB5F2A1B1FBD80A500964647 /* NSString+StringControl.h */ = {isa = PBXFileReference; fileEncoding = 4; lastKnownFileType = sourcecode.c.h; path = "NSString+StringControl.h"; sourceTree = "<group>"; };
/* End PBXFileReference section */

/* Begin PBXFrameworksBuildPhase section */
		CB5F29901FBD6DA400964647 /* Frameworks */ = {
			isa = PBXFrameworksBuildPhase;
			buildActionMask = 2147483647;
			files = (
				CB5F29FD1FBD7D6500964647 /* AVFoundation.framework in Frameworks */,
				CB5F29FB1FBD7D5900964647 /* AssetsLibrary.framework in Frameworks */,
				1F83492B4B55BDCB2B97CE3F /* libPods-LSSampleInOC.a in Frameworks */,
			);
			runOnlyForDeploymentPostprocessing = 0;
		};
		CB5F29FF1FBD7FD700964647 /* Frameworks */ = {
			isa = PBXFrameworksBuildPhase;
			buildActionMask = 2147483647;
			files = (
			);
			runOnlyForDeploymentPostprocessing = 0;
		};
		CB5F2A0D1FBD7FE800964647 /* Frameworks */ = {
			isa = PBXFrameworksBuildPhase;
			buildActionMask = 2147483647;
			files = (
			);
			runOnlyForDeploymentPostprocessing = 0;
		};
/* End PBXFrameworksBuildPhase section */

/* Begin PBXGroup section */
		CB34B1E81FC27BC4004B0673 /* String+FastCacheDemo */ = {
			isa = PBXGroup;
			children = (
				CB4780321FC3F5FB00EEED86 /* FileManagerVC.h */,
				CB4780331FC3F5FC00EEED86 /* FileManagerVC.m */,
			);
			path = "String+FastCacheDemo";
			sourceTree = "<group>";
		};
		CB5F298A1FBD6DA400964647 = {
			isa = PBXGroup;
			children = (
				CB5F29D01FBD6EFA00964647 /* Classes */,
				CB5F29951FBD6DA400964647 /* LSSampleInOC */,
				CB5F2A031FBD7FD700964647 /* LSSampleInOCTests */,
				CB5F2A111FBD7FE800964647 /* LSSampleInOCUITests */,
				CB5F29941FBD6DA400964647 /* Products */,
				CB5F29F91FBD7D4500964647 /* Frameworks */,
				F5B6944F388FCFF539C84EA0 /* Pods */,
			);
			sourceTree = "<group>";
		};
		CB5F29941FBD6DA400964647 /* Products */ = {
			isa = PBXGroup;
			children = (
				CB5F29931FBD6DA400964647 /* LSSampleInOC.app */,
				CB5F2A021FBD7FD700964647 /* LSSampleInOCTests.xctest */,
				CB5F2A101FBD7FE800964647 /* LSSampleInOCUITests.xctest */,
			);
			name = Products;
			sourceTree = "<group>";
		};
		CB5F29951FBD6DA400964647 /* LSSampleInOC */ = {
			isa = PBXGroup;
			children = (
				CB34B1E81FC27BC4004B0673 /* String+FastCacheDemo */,
				CB5F29CF1FBD6EDF00964647 /* SystemClasses */,
				CB5F29CB1FBD6DB900964647 /* CoreData */,
			);
			path = LSSampleInOC;
			sourceTree = "<group>";
		};
		CB5F29CB1FBD6DB900964647 /* CoreData */ = {
			isa = PBXGroup;
			children = (
				CB5F299F1FBD6DA400964647 /* LSSampleInOC.xcdatamodeld */,
			);
			path = CoreData;
			sourceTree = "<group>";
		};
		CB5F29CF1FBD6EDF00964647 /* SystemClasses */ = {
			isa = PBXGroup;
			children = (
				CB5F29961FBD6DA400964647 /* AppDelegate.h */,
				CB5F29971FBD6DA400964647 /* AppDelegate.m */,
				CB5F29CC1FBD6E6300964647 /* TableViewController.h */,
				CB5F29CD1FBD6E6300964647 /* TableViewController.m */,
				CB5F299C1FBD6DA400964647 /* Main.storyboard */,
				CB5F29A21FBD6DA400964647 /* Assets.xcassets */,
				CB5F29A41FBD6DA400964647 /* LaunchScreen.storyboard */,
				CB5F29A71FBD6DA400964647 /* Info.plist */,
				CB5F29A81FBD6DA400964647 /* main.m */,
			);
			path = SystemClasses;
			sourceTree = "<group>";
		};
		CB5F29D01FBD6EFA00964647 /* Classes */ = {
			isa = PBXGroup;
			children = (
				CB5F29D11FBD6F7600964647 /* Common */,
				CB5F29E51FBD737D00964647 /* ViewModels */,
				CB5F29E31FBD733300964647 /* Views */,
				CB5F29E71FBD73F700964647 /* Resource */,
				CB5F29E61FBD73CC00964647 /* Vendors */,
			);
			path = Classes;
			sourceTree = "<group>";
		};
		CB5F29D11FBD6F7600964647 /* Common */ = {
			isa = PBXGroup;
			children = (
				CB5F29D31FBD6FCB00964647 /* Base */,
				CB5F29E21FBD731600964647 /* Core */,
				CB5F29D21FBD6FA000964647 /* Macro */,
				CB5F29D51FBD701300964647 /* Categories */,
				CB5F29D41FBD6FD400964647 /* Helper */,
			);
			path = Common;
			sourceTree = "<group>";
		};
		CB5F29D21FBD6FA000964647 /* Macro */ = {
			isa = PBXGroup;
			children = (
				CB5F29D81FBD721A00964647 /* AppMacro.h */,
				CB5F29D91FBD722A00964647 /* NotificationMacro.h */,
				CB5F29DB1FBD727B00964647 /* UtilsMacro.h */,
				CB5F29DA1FBD723F00964647 /* VendorMacro.h */,
			);
			path = Macro;
			sourceTree = "<group>";
		};
		CB5F29D31FBD6FCB00964647 /* Base */ = {
			isa = PBXGroup;
			children = (
				CB5F29DC1FBD729500964647 /* BaseViewController.h */,
				CB5F29DD1FBD729500964647 /* BaseViewController.m */,
				CB5F29DF1FBD72AD00964647 /* BaseModel.h */,
				CB5F29E01FBD72AD00964647 /* BaseModel.m */,
				CB5F29EE1FBD76FD00964647 /* BaseNavigationController.h */,
				CB5F29EF1FBD76FD00964647 /* BaseNavigationController.m */,
				CB5F29F11FBD771B00964647 /* BaseTabBarController.h */,
				CB5F29F21FBD771B00964647 /* BaseTabBarController.m */,
			);
			path = Base;
			sourceTree = "<group>";
		};
		CB5F29D41FBD6FD400964647 /* Helper */ = {
			isa = PBXGroup;
			children = (
				CB5F2A1B1FBD80A500964647 /* NSString+StringControl.h */,
				CB5F2A1A1FBD80A500964647 /* NSString+StringControl.m */,
			);
			path = Helper;
			sourceTree = "<group>";
		};
		CB5F29D51FBD701300964647 /* Categories */ = {
			isa = PBXGroup;
			children = (
				CB34B2681FC2DA50004B0673 /* NSString+FileManager.h */,
				CB34B2691FC2DA50004B0673 /* NSString+FileManager.m */,
			);
			path = Categories;
			sourceTree = "<group>";
		};
		CB5F29E21FBD731600964647 /* Core */ = {
			isa = PBXGroup;
			children = (
			);
			path = Core;
			sourceTree = "<group>";
		};
		CB5F29E31FBD733300964647 /* Views */ = {
			isa = PBXGroup;
			children = (
			);
			path = Views;
			sourceTree = "<group>";
		};
		CB5F29E51FBD737D00964647 /* ViewModels */ = {
			isa = PBXGroup;
			children = (
			);
			path = ViewModels;
			sourceTree = "<group>";
		};
		CB5F29E61FBD73CC00964647 /* Vendors */ = {
			isa = PBXGroup;
			children = (
				CB5F29EC1FBD747800964647 /* Package */,
				CB5F29ED1FBD748000964647 /* VendorsCode */,
			);
			path = Vendors;
			sourceTree = "<group>";
		};
		CB5F29E71FBD73F700964647 /* Resource */ = {
			isa = PBXGroup;
			children = (
				CB5F29EB1FBD743300964647 /* Videos */,
				CB5F29EA1FBD742B00964647 /* Sounds */,
				CB5F29E91FBD741D00964647 /* Fonts */,
				CB5F29E81FBD740E00964647 /* Images */,
			);
			path = Resource;
			sourceTree = "<group>";
		};
		CB5F29E81FBD740E00964647 /* Images */ = {
			isa = PBXGroup;
			children = (
			);
			path = Images;
			sourceTree = "<group>";
		};
		CB5F29E91FBD741D00964647 /* Fonts */ = {
			isa = PBXGroup;
			children = (
			);
			path = Fonts;
			sourceTree = "<group>";
		};
		CB5F29EA1FBD742B00964647 /* Sounds */ = {
			isa = PBXGroup;
			children = (
			);
			path = Sounds;
			sourceTree = "<group>";
		};
		CB5F29EB1FBD743300964647 /* Videos */ = {
			isa = PBXGroup;
			children = (
			);
			path = Videos;
			sourceTree = "<group>";
		};
		CB5F29EC1FBD747800964647 /* Package */ = {
			isa = PBXGroup;
			children = (
				CB5F29F41FBD784A00964647 /* Package+SVProgressHUD.h */,
				CB5F29F51FBD784A00964647 /* Package+SVProgressHUD.m */,
			);
			path = Package;
			sourceTree = "<group>";
		};
		CB5F29ED1FBD748000964647 /* VendorsCode */ = {
			isa = PBXGroup;
			children = (
			);
			path = VendorsCode;
			sourceTree = "<group>";
		};
		CB5F29F91FBD7D4500964647 /* Frameworks */ = {
			isa = PBXGroup;
			children = (
				CB5F29FC1FBD7D5D00964647 /* AVFoundation.framework */,
				CB5F29FA1FBD7D4500964647 /* AssetsLibrary.framework */,
				38D6525A2969977C24DF82A1 /* libPods-LSSampleInOC.a */,
				C82EF6B0DC4DA8B0C7517B82 /* libPods-LSSampleInOCTests.a */,
				B71094CFC4D3F9EA1F441174 /* libPods-LSSampleInOCUITests.a */,
			);
			name = Frameworks;
			sourceTree = "<group>";
		};
		CB5F2A031FBD7FD700964647 /* LSSampleInOCTests */ = {
			isa = PBXGroup;
			children = (
				CB5F2A041FBD7FD700964647 /* LSSampleInOCTests.m */,
				CB5F2A061FBD7FD700964647 /* Info.plist */,
			);
			path = LSSampleInOCTests;
			sourceTree = "<group>";
		};
		CB5F2A111FBD7FE800964647 /* LSSampleInOCUITests */ = {
			isa = PBXGroup;
			children = (
				CB5F2A121FBD7FE800964647 /* LSSampleInOCUITests.m */,
				CB5F2A141FBD7FE800964647 /* Info.plist */,
			);
			path = LSSampleInOCUITests;
			sourceTree = "<group>";
		};
		F5B6944F388FCFF539C84EA0 /* Pods */ = {
			isa = PBXGroup;
			children = (
				6342EA907E21418DBA54406C /* Pods-LSSampleInOC.debug.xcconfig */,
				442D03D42758A43A2A8B6E09 /* Pods-LSSampleInOC.release.xcconfig */,
				211BE4A87D2CCB9BB0192166 /* Pods-LSSampleInOCTests.debug.xcconfig */,
				23940F10C4913A6626320D97 /* Pods-LSSampleInOCTests.release.xcconfig */,
				252A0A41A042ED65BAA6FAC6 /* Pods-LSSampleInOCUITests.debug.xcconfig */,
				61B353ABC1176C7DCB6CDBD8 /* Pods-LSSampleInOCUITests.release.xcconfig */,
			);
			name = Pods;
			sourceTree = "<group>";
		};
/* End PBXGroup section */

/* Begin PBXNativeTarget section */
		CB5F29921FBD6DA400964647 /* LSSampleInOC */ = {
			isa = PBXNativeTarget;
			buildConfigurationList = CB5F29C21FBD6DA400964647 /* Build configuration list for PBXNativeTarget "LSSampleInOC" */;
			buildPhases = (
				DE200DFAEBE9863225AE1E93 /* [CP] Check Pods Manifest.lock */,
				CB5F298F1FBD6DA400964647 /* Sources */,
				CB5F29901FBD6DA400964647 /* Frameworks */,
				CB5F29911FBD6DA400964647 /* Resources */,
				308518C16A04FDE350597000 /* [CP] Embed Pods Frameworks */,
				BD68B587595D3892BC2FD1C1 /* [CP] Copy Pods Resources */,
			);
			buildRules = (
			);
			dependencies = (
			);
			name = LSSampleInOC;
			productName = LSSampleInOC;
			productReference = CB5F29931FBD6DA400964647 /* LSSampleInOC.app */;
			productType = "com.apple.product-type.application";
		};
		CB5F2A011FBD7FD700964647 /* LSSampleInOCTests */ = {
			isa = PBXNativeTarget;
			buildConfigurationList = CB5F2A091FBD7FD700964647 /* Build configuration list for PBXNativeTarget "LSSampleInOCTests" */;
			buildPhases = (
				CB5F29FE1FBD7FD700964647 /* Sources */,
				CB5F29FF1FBD7FD700964647 /* Frameworks */,
				CB5F2A001FBD7FD700964647 /* Resources */,
			);
			buildRules = (
			);
			dependencies = (
				CB5F2A081FBD7FD700964647 /* PBXTargetDependency */,
			);
			name = LSSampleInOCTests;
			productName = LSSampleInOCTests;
			productReference = CB5F2A021FBD7FD700964647 /* LSSampleInOCTests.xctest */;
			productType = "com.apple.product-type.bundle.unit-test";
		};
		CB5F2A0F1FBD7FE800964647 /* LSSampleInOCUITests */ = {
			isa = PBXNativeTarget;
			buildConfigurationList = CB5F2A171FBD7FE800964647 /* Build configuration list for PBXNativeTarget "LSSampleInOCUITests" */;
			buildPhases = (
				CB5F2A0C1FBD7FE800964647 /* Sources */,
				CB5F2A0D1FBD7FE800964647 /* Frameworks */,
				CB5F2A0E1FBD7FE800964647 /* Resources */,
			);
			buildRules = (
			);
			dependencies = (
				CB5F2A161FBD7FE800964647 /* PBXTargetDependency */,
			);
			name = LSSampleInOCUITests;
			productName = LSSampleInOCUITests;
			productReference = CB5F2A101FBD7FE800964647 /* LSSampleInOCUITests.xctest */;
			productType = "com.apple.product-type.bundle.ui-testing";
		};
/* End PBXNativeTarget section */

/* Begin PBXProject section */
		CB5F298B1FBD6DA400964647 /* Project object */ = {
			isa = PBXProject;
			attributes = {
				LastUpgradeCheck = 0910;
				ORGANIZATIONNAME = LuckyStrike;
				TargetAttributes = {
					CB5F29921FBD6DA400964647 = {
						CreatedOnToolsVersion = 9.1;
						LastSwiftMigration = 0910;
						ProvisioningStyle = Automatic;
					};
					CB5F2A011FBD7FD700964647 = {
						CreatedOnToolsVersion = 9.1;
						ProvisioningStyle = Automatic;
						TestTargetID = CB5F29921FBD6DA400964647;
					};
					CB5F2A0F1FBD7FE800964647 = {
						CreatedOnToolsVersion = 9.1;
						ProvisioningStyle = Automatic;
						TestTargetID = CB5F29921FBD6DA400964647;
					};
				};
			};
			buildConfigurationList = CB5F298E1FBD6DA400964647 /* Build configuration list for PBXProject "LSSampleInOC" */;
			compatibilityVersion = "Xcode 8.0";
			developmentRegion = en;
			hasScannedForEncodings = 0;
			knownRegions = (
				en,
				Base,
			);
			mainGroup = CB5F298A1FBD6DA400964647;
			productRefGroup = CB5F29941FBD6DA400964647 /* Products */;
			projectDirPath = "";
			projectRoot = "";
			targets = (
				CB5F29921FBD6DA400964647 /* LSSampleInOC */,
				CB5F2A011FBD7FD700964647 /* LSSampleInOCTests */,
				CB5F2A0F1FBD7FE800964647 /* LSSampleInOCUITests */,
			);
		};
/* End PBXProject section */

/* Begin PBXResourcesBuildPhase section */
		CB5F29911FBD6DA400964647 /* Resources */ = {
			isa = PBXResourcesBuildPhase;
			buildActionMask = 2147483647;
			files = (
				CB5F29A61FBD6DA400964647 /* LaunchScreen.storyboard in Resources */,
				CB5F29A31FBD6DA400964647 /* Assets.xcassets in Resources */,
				CB5F299E1FBD6DA400964647 /* Main.storyboard in Resources */,
			);
			runOnlyForDeploymentPostprocessing = 0;
		};
		CB5F2A001FBD7FD700964647 /* Resources */ = {
			isa = PBXResourcesBuildPhase;
			buildActionMask = 2147483647;
			files = (
			);
			runOnlyForDeploymentPostprocessing = 0;
		};
		CB5F2A0E1FBD7FE800964647 /* Resources */ = {
			isa = PBXResourcesBuildPhase;
			buildActionMask = 2147483647;
			files = (
			);
			runOnlyForDeploymentPostprocessing = 0;
		};
/* End PBXResourcesBuildPhase section */

/* Begin PBXShellScriptBuildPhase section */
		308518C16A04FDE350597000 /* [CP] Embed Pods Frameworks */ = {
			isa = PBXShellScriptBuildPhase;
			buildActionMask = 2147483647;
			files = (
			);
			inputPaths = (
			);
			name = "[CP] Embed Pods Frameworks";
			outputPaths = (
			);
			runOnlyForDeploymentPostprocessing = 0;
			shellPath = /bin/sh;
			shellScript = "\"${SRCROOT}/Pods/Target Support Files/Pods-LSSampleInOC/Pods-LSSampleInOC-frameworks.sh\"\n";
			showEnvVarsInLog = 0;
		};
		BD68B587595D3892BC2FD1C1 /* [CP] Copy Pods Resources */ = {
			isa = PBXShellScriptBuildPhase;
			buildActionMask = 2147483647;
			files = (
			);
			inputPaths = (
				"${SRCROOT}/Pods/Target Support Files/Pods-LSSampleInOC/Pods-LSSampleInOC-resources.sh",
				"${PODS_ROOT}/MJRefresh/MJRefresh/MJRefresh.bundle",
				"${PODS_ROOT}/SVProgressHUD/SVProgressHUD/SVProgressHUD.bundle",
			);
			name = "[CP] Copy Pods Resources";
			outputPaths = (
				"${TARGET_BUILD_DIR}/${UNLOCALIZED_RESOURCES_FOLDER_PATH}",
			);
			runOnlyForDeploymentPostprocessing = 0;
			shellPath = /bin/sh;
			shellScript = "\"${SRCROOT}/Pods/Target Support Files/Pods-LSSampleInOC/Pods-LSSampleInOC-resources.sh\"\n";
			showEnvVarsInLog = 0;
		};
		DE200DFAEBE9863225AE1E93 /* [CP] Check Pods Manifest.lock */ = {
			isa = PBXShellScriptBuildPhase;
			buildActionMask = 2147483647;
			files = (
			);
			inputPaths = (
				"${PODS_PODFILE_DIR_PATH}/Podfile.lock",
				"${PODS_ROOT}/Manifest.lock",
			);
			name = "[CP] Check Pods Manifest.lock";
			outputPaths = (
				"$(DERIVED_FILE_DIR)/Pods-LSSampleInOC-checkManifestLockResult.txt",
			);
			runOnlyForDeploymentPostprocessing = 0;
			shellPath = /bin/sh;
			shellScript = "diff \"${PODS_PODFILE_DIR_PATH}/Podfile.lock\" \"${PODS_ROOT}/Manifest.lock\" > /dev/null\nif [ $? != 0 ] ; then\n    # print error to STDERR\n    echo \"error: The sandbox is not in sync with the Podfile.lock. Run 'pod install' or update your CocoaPods installation.\" >&2\n    exit 1\nfi\n# This output is used by Xcode 'outputs' to avoid re-running this script phase.\necho \"SUCCESS\" > \"${SCRIPT_OUTPUT_FILE_0}\"\n";
			showEnvVarsInLog = 0;
		};
/* End PBXShellScriptBuildPhase section */

/* Begin PBXSourcesBuildPhase section */
		CB5F298F1FBD6DA400964647 /* Sources */ = {
			isa = PBXSourcesBuildPhase;
			buildActionMask = 2147483647;
			files = (
				CB5F29E11FBD72AD00964647 /* BaseModel.m in Sources */,
				CB5F29F01FBD76FD00964647 /* BaseNavigationController.m in Sources */,
				CB34B26A1FC2DA50004B0673 /* NSString+FileManager.m in Sources */,
				CB5F29981FBD6DA400964647 /* AppDelegate.m in Sources */,
				CB5F29F61FBD784A00964647 /* Package+SVProgressHUD.m in Sources */,
				CB5F29DE1FBD729500964647 /* BaseViewController.m in Sources */,
				CB4780341FC3F5FC00EEED86 /* FileManagerVC.m in Sources */,
				CB5F2A1C1FBD80A500964647 /* NSString+StringControl.m in Sources */,
				CB5F29F31FBD771B00964647 /* BaseTabBarController.m in Sources */,
				CB5F29A91FBD6DA400964647 /* main.m in Sources */,
				CB5F29A11FBD6DA400964647 /* LSSampleInOC.xcdatamodeld in Sources */,
				CB5F29CE1FBD6E6300964647 /* TableViewController.m in Sources */,
			);
			runOnlyForDeploymentPostprocessing = 0;
		};
		CB5F29FE1FBD7FD700964647 /* Sources */ = {
			isa = PBXSourcesBuildPhase;
			buildActionMask = 2147483647;
			files = (
				CB5F2A051FBD7FD700964647 /* LSSampleInOCTests.m in Sources */,
			);
			runOnlyForDeploymentPostprocessing = 0;
		};
		CB5F2A0C1FBD7FE800964647 /* Sources */ = {
			isa = PBXSourcesBuildPhase;
			buildActionMask = 2147483647;
			files = (
				CB5F2A131FBD7FE800964647 /* LSSampleInOCUITests.m in Sources */,
			);
			runOnlyForDeploymentPostprocessing = 0;
		};
/* End PBXSourcesBuildPhase section */

/* Begin PBXTargetDependency section */
		CB5F2A081FBD7FD700964647 /* PBXTargetDependency */ = {
			isa = PBXTargetDependency;
			target = CB5F29921FBD6DA400964647 /* LSSampleInOC */;
			targetProxy = CB5F2A071FBD7FD700964647 /* PBXContainerItemProxy */;
		};
		CB5F2A161FBD7FE800964647 /* PBXTargetDependency */ = {
			isa = PBXTargetDependency;
			target = CB5F29921FBD6DA400964647 /* LSSampleInOC */;
			targetProxy = CB5F2A151FBD7FE800964647 /* PBXContainerItemProxy */;
		};
/* End PBXTargetDependency section */

/* Begin PBXVariantGroup section */
		CB5F299C1FBD6DA400964647 /* Main.storyboard */ = {
			isa = PBXVariantGroup;
			children = (
				CB5F299D1FBD6DA400964647 /* Base */,
			);
			name = Main.storyboard;
			sourceTree = "<group>";
		};
		CB5F29A41FBD6DA400964647 /* LaunchScreen.storyboard */ = {
			isa = PBXVariantGroup;
			children = (
				CB5F29A51FBD6DA400964647 /* Base */,
			);
			name = LaunchScreen.storyboard;
			sourceTree = "<group>";
		};
/* End PBXVariantGroup section */

/* Begin XCBuildConfiguration section */
		CB5F29C01FBD6DA400964647 /* Debug */ = {
			isa = XCBuildConfiguration;
			buildSettings = {
				ALWAYS_SEARCH_USER_PATHS = NO;
				CLANG_ANALYZER_NONNULL = YES;
				CLANG_ANALYZER_NUMBER_OBJECT_CONVERSION = YES_AGGRESSIVE;
				CLANG_CXX_LANGUAGE_STANDARD = "gnu++14";
				CLANG_CXX_LIBRARY = "libc++";
				CLANG_ENABLE_MODULES = YES;
				CLANG_ENABLE_OBJC_ARC = YES;
				CLANG_WARN_BLOCK_CAPTURE_AUTORELEASING = YES;
				CLANG_WARN_BOOL_CONVERSION = YES;
				CLANG_WARN_COMMA = YES;
				CLANG_WARN_CONSTANT_CONVERSION = YES;
				CLANG_WARN_DIRECT_OBJC_ISA_USAGE = YES_ERROR;
				CLANG_WARN_DOCUMENTATION_COMMENTS = YES;
				CLANG_WARN_EMPTY_BODY = YES;
				CLANG_WARN_ENUM_CONVERSION = YES;
				CLANG_WARN_INFINITE_RECURSION = YES;
				CLANG_WARN_INT_CONVERSION = YES;
				CLANG_WARN_NON_LITERAL_NULL_CONVERSION = YES;
				CLANG_WARN_OBJC_LITERAL_CONVERSION = YES;
				CLANG_WARN_OBJC_ROOT_CLASS = YES_ERROR;
				CLANG_WARN_RANGE_LOOP_ANALYSIS = YES;
				CLANG_WARN_STRICT_PROTOTYPES = YES;
				CLANG_WARN_SUSPICIOUS_MOVE = YES;
				CLANG_WARN_UNGUARDED_AVAILABILITY = YES_AGGRESSIVE;
				CLANG_WARN_UNREACHABLE_CODE = YES;
				CLANG_WARN__DUPLICATE_METHOD_MATCH = YES;
				CODE_SIGN_IDENTITY = "iPhone Developer";
				COPY_PHASE_STRIP = NO;
				DEBUG_INFORMATION_FORMAT = dwarf;
				ENABLE_STRICT_OBJC_MSGSEND = YES;
				ENABLE_TESTABILITY = YES;
				GCC_C_LANGUAGE_STANDARD = gnu11;
				GCC_DYNAMIC_NO_PIC = NO;
				GCC_NO_COMMON_BLOCKS = YES;
				GCC_OPTIMIZATION_LEVEL = 0;
				GCC_PREPROCESSOR_DEFINITIONS = (
					"DEBUG=1",
					"$(inherited)",
				);
				GCC_WARN_64_TO_32_BIT_CONVERSION = YES;
				GCC_WARN_ABOUT_RETURN_TYPE = YES_ERROR;
				GCC_WARN_UNDECLARED_SELECTOR = YES;
				GCC_WARN_UNINITIALIZED_AUTOS = YES_AGGRESSIVE;
				GCC_WARN_UNUSED_FUNCTION = YES;
				GCC_WARN_UNUSED_VARIABLE = YES;
				IPHONEOS_DEPLOYMENT_TARGET = 11.1;
				MTL_ENABLE_DEBUG_INFO = YES;
				ONLY_ACTIVE_ARCH = YES;
				SDKROOT = iphoneos;
			};
			name = Debug;
		};
		CB5F29C11FBD6DA400964647 /* Release */ = {
			isa = XCBuildConfiguration;
			buildSettings = {
				ALWAYS_SEARCH_USER_PATHS = NO;
				CLANG_ANALYZER_NONNULL = YES;
				CLANG_ANALYZER_NUMBER_OBJECT_CONVERSION = YES_AGGRESSIVE;
				CLANG_CXX_LANGUAGE_STANDARD = "gnu++14";
				CLANG_CXX_LIBRARY = "libc++";
				CLANG_ENABLE_MODULES = YES;
				CLANG_ENABLE_OBJC_ARC = YES;
				CLANG_WARN_BLOCK_CAPTURE_AUTORELEASING = YES;
				CLANG_WARN_BOOL_CONVERSION = YES;
				CLANG_WARN_COMMA = YES;
				CLANG_WARN_CONSTANT_CONVERSION = YES;
				CLANG_WARN_DIRECT_OBJC_ISA_USAGE = YES_ERROR;
				CLANG_WARN_DOCUMENTATION_COMMENTS = YES;
				CLANG_WARN_EMPTY_BODY = YES;
				CLANG_WARN_ENUM_CONVERSION = YES;
				CLANG_WARN_INFINITE_RECURSION = YES;
				CLANG_WARN_INT_CONVERSION = YES;
				CLANG_WARN_NON_LITERAL_NULL_CONVERSION = YES;
				CLANG_WARN_OBJC_LITERAL_CONVERSION = YES;
				CLANG_WARN_OBJC_ROOT_CLASS = YES_ERROR;
				CLANG_WARN_RANGE_LOOP_ANALYSIS = YES;
				CLANG_WARN_STRICT_PROTOTYPES = YES;
				CLANG_WARN_SUSPICIOUS_MOVE = YES;
				CLANG_WARN_UNGUARDED_AVAILABILITY = YES_AGGRESSIVE;
				CLANG_WARN_UNREACHABLE_CODE = YES;
				CLANG_WARN__DUPLICATE_METHOD_MATCH = YES;
				CODE_SIGN_IDENTITY = "iPhone Developer";
				COPY_PHASE_STRIP = NO;
				DEBUG_INFORMATION_FORMAT = "dwarf-with-dsym";
				ENABLE_NS_ASSERTIONS = NO;
				ENABLE_STRICT_OBJC_MSGSEND = YES;
				GCC_C_LANGUAGE_STANDARD = gnu11;
				GCC_NO_COMMON_BLOCKS = YES;
				GCC_WARN_64_TO_32_BIT_CONVERSION = YES;
				GCC_WARN_ABOUT_RETURN_TYPE = YES_ERROR;
				GCC_WARN_UNDECLARED_SELECTOR = YES;
				GCC_WARN_UNINITIALIZED_AUTOS = YES_AGGRESSIVE;
				GCC_WARN_UNUSED_FUNCTION = YES;
				GCC_WARN_UNUSED_VARIABLE = YES;
				IPHONEOS_DEPLOYMENT_TARGET = 11.1;
				MTL_ENABLE_DEBUG_INFO = NO;
				SDKROOT = iphoneos;
				VALIDATE_PRODUCT = YES;
			};
			name = Release;
		};
		CB5F29C31FBD6DA400964647 /* Debug */ = {
			isa = XCBuildConfiguration;
			baseConfigurationReference = 6342EA907E21418DBA54406C /* Pods-LSSampleInOC.debug.xcconfig */;
			buildSettings = {
				ASSETCATALOG_COMPILER_APPICON_NAME = AppIcon;
				CLANG_ENABLE_MODULES = YES;
				CODE_SIGN_STYLE = Automatic;
				DEVELOPMENT_TEAM = 8VYD78586B;
				INFOPLIST_FILE = LSSampleInOC/SystemClasses/Info.plist;
				LD_RUNPATH_SEARCH_PATHS = "$(inherited) @executable_path/Frameworks";
				PRODUCT_BUNDLE_IDENTIFIER = com.LuckyStrike.LSSampleInOC;
				PRODUCT_NAME = "$(TARGET_NAME)";
				SWIFT_OPTIMIZATION_LEVEL = "-Onone";
				SWIFT_VERSION = 3.0;
				TARGETED_DEVICE_FAMILY = "1,2";
			};
			name = Debug;
		};
		CB5F29C41FBD6DA400964647 /* Release */ = {
			isa = XCBuildConfiguration;
			baseConfigurationReference = 442D03D42758A43A2A8B6E09 /* Pods-LSSampleInOC.release.xcconfig */;
			buildSettings = {
				ASSETCATALOG_COMPILER_APPICON_NAME = AppIcon;
				CLANG_ENABLE_MODULES = YES;
				CODE_SIGN_STYLE = Automatic;
				DEVELOPMENT_TEAM = 8VYD78586B;
				INFOPLIST_FILE = LSSampleInOC/SystemClasses/Info.plist;
				LD_RUNPATH_SEARCH_PATHS = "$(inherited) @executable_path/Frameworks";
				PRODUCT_BUNDLE_IDENTIFIER = com.LuckyStrike.LSSampleInOC;
				PRODUCT_NAME = "$(TARGET_NAME)";
				SWIFT_VERSION = 3.0;
				TARGETED_DEVICE_FAMILY = "1,2";
			};
			name = Release;
		};
		CB5F2A0A1FBD7FD700964647 /* Debug */ = {
			isa = XCBuildConfiguration;
			buildSettings = {
				BUNDLE_LOADER = "$(TEST_HOST)";
				CODE_SIGN_STYLE = Automatic;
				DEVELOPMENT_TEAM = 8VYD78586B;
				INFOPLIST_FILE = LSSampleInOCTests/Info.plist;
				LD_RUNPATH_SEARCH_PATHS = "$(inherited) @executable_path/Frameworks @loader_path/Frameworks";
				PRODUCT_BUNDLE_IDENTIFIER = com.LuckyStrike.LSSampleInOCTests;
				PRODUCT_NAME = "$(TARGET_NAME)";
				TARGETED_DEVICE_FAMILY = "1,2";
				TEST_HOST = "$(BUILT_PRODUCTS_DIR)/LSSampleInOC.app/LSSampleInOC";
			};
			name = Debug;
		};
		CB5F2A0B1FBD7FD700964647 /* Release */ = {
			isa = XCBuildConfiguration;
			buildSettings = {
				BUNDLE_LOADER = "$(TEST_HOST)";
				CODE_SIGN_STYLE = Automatic;
				DEVELOPMENT_TEAM = 8VYD78586B;
				INFOPLIST_FILE = LSSampleInOCTests/Info.plist;
				LD_RUNPATH_SEARCH_PATHS = "$(inherited) @executable_path/Frameworks @loader_path/Frameworks";
				PRODUCT_BUNDLE_IDENTIFIER = com.LuckyStrike.LSSampleInOCTests;
				PRODUCT_NAME = "$(TARGET_NAME)";
				TARGETED_DEVICE_FAMILY = "1,2";
				TEST_HOST = "$(BUILT_PRODUCTS_DIR)/LSSampleInOC.app/LSSampleInOC";
			};
			name = Release;
		};
		CB5F2A181FBD7FE800964647 /* Debug */ = {
			isa = XCBuildConfiguration;
			buildSettings = {
				CODE_SIGN_STYLE = Automatic;
				DEVELOPMENT_TEAM = 8VYD78586B;
				INFOPLIST_FILE = LSSampleInOCUITests/Info.plist;
				LD_RUNPATH_SEARCH_PATHS = "$(inherited) @executable_path/Frameworks @loader_path/Frameworks";
				PRODUCT_BUNDLE_IDENTIFIER = com.LuckyStrike.LSSampleInOCUITests;
				PRODUCT_NAME = "$(TARGET_NAME)";
				TARGETED_DEVICE_FAMILY = "1,2";
				TEST_TARGET_NAME = LSSampleInOC;
			};
			name = Debug;
		};
		CB5F2A191FBD7FE800964647 /* Release */ = {
			isa = XCBuildConfiguration;
			buildSettings = {
				CODE_SIGN_STYLE = Automatic;
				DEVELOPMENT_TEAM = 8VYD78586B;
				INFOPLIST_FILE = LSSampleInOCUITests/Info.plist;
				LD_RUNPATH_SEARCH_PATHS = "$(inherited) @executable_path/Frameworks @loader_path/Frameworks";
				PRODUCT_BUNDLE_IDENTIFIER = com.LuckyStrike.LSSampleInOCUITests;
				PRODUCT_NAME = "$(TARGET_NAME)";
				TARGETED_DEVICE_FAMILY = "1,2";
				TEST_TARGET_NAME = LSSampleInOC;
			};
			name = Release;
		};
/* End XCBuildConfiguration section */

/* Begin XCConfigurationList section */
		CB5F298E1FBD6DA400964647 /* Build configuration list for PBXProject "LSSampleInOC" */ = {
			isa = XCConfigurationList;
			buildConfigurations = (
				CB5F29C01FBD6DA400964647 /* Debug */,
				CB5F29C11FBD6DA400964647 /* Release */,
			);
			defaultConfigurationIsVisible = 0;
			defaultConfigurationName = Release;
		};
		CB5F29C21FBD6DA400964647 /* Build configuration list for PBXNativeTarget "LSSampleInOC" */ = {
			isa = XCConfigurationList;
			buildConfigurations = (
				CB5F29C31FBD6DA400964647 /* Debug */,
				CB5F29C41FBD6DA400964647 /* Release */,
			);
			defaultConfigurationIsVisible = 0;
			defaultConfigurationName = Release;
		};
		CB5F2A091FBD7FD700964647 /* Build configuration list for PBXNativeTarget "LSSampleInOCTests" */ = {
			isa = XCConfigurationList;
			buildConfigurations = (
				CB5F2A0A1FBD7FD700964647 /* Debug */,
				CB5F2A0B1FBD7FD700964647 /* Release */,
			);
			defaultConfigurationIsVisible = 0;
			defaultConfigurationName = Release;
		};
		CB5F2A171FBD7FE800964647 /* Build configuration list for PBXNativeTarget "LSSampleInOCUITests" */ = {
			isa = XCConfigurationList;
			buildConfigurations = (
				CB5F2A181FBD7FE800964647 /* Debug */,
				CB5F2A191FBD7FE800964647 /* Release */,
			);
			defaultConfigurationIsVisible = 0;
			defaultConfigurationName = Release;
		};
/* End XCConfigurationList section */

/* Begin XCVersionGroup section */
		CB5F299F1FBD6DA400964647 /* LSSampleInOC.xcdatamodeld */ = {
			isa = XCVersionGroup;
			children = (
				CB5F29A01FBD6DA400964647 /* LSSampleInOC.xcdatamodel */,
			);
			currentVersion = CB5F29A01FBD6DA400964647 /* LSSampleInOC.xcdatamodel */;
			path = LSSampleInOC.xcdatamodeld;
			sourceTree = "<group>";
			versionGroupType = wrapper.xcdatamodel;
		};
/* End XCVersionGroup section */
	};
	rootObject = CB5F298B1FBD6DA400964647 /* Project object */;
}
